# This file is automatically @generated by Poetry 1.5.1 and should not be changed by hand.

[[package]]
name = "altgraph"
version = "0.17.3"
description = "Python graph (network) package"
optional = false
python-versions = "*"
files = [
    {file = "altgraph-0.17.3-py2.py3-none-any.whl", hash = "sha256:c8ac1ca6772207179ed8003ce7687757c04b0b71536f81e2ac5755c6226458fe"},
    {file = "altgraph-0.17.3.tar.gz", hash = "sha256:ad33358114df7c9416cdb8fa1eaa5852166c505118717021c6a8c7c7abbd03dd"},
]

[[package]]
name = "macholib"
version = "1.16.2"
description = "Mach-O header analysis and editing"
optional = false
python-versions = "*"
files = [
    {file = "macholib-1.16.2-py2.py3-none-any.whl", hash = "sha256:44c40f2cd7d6726af8fa6fe22549178d3a4dfecc35a9cd15ea916d9c83a688e0"},
    {file = "macholib-1.16.2.tar.gz", hash = "sha256:557bbfa1bb255c20e9abafe7ed6cd8046b48d9525db2f9b77d3122a63a2a8bf8"},
]

[package.dependencies]
altgraph = ">=0.17"

[[package]]
name = "pefile"
version = "2023.2.7"
description = "Python PE parsing module"
optional = false
python-versions = ">=3.6.0"
files = [
    {file = "pefile-2023.2.7-py3-none-any.whl", hash = "sha256:da185cd2af68c08a6cd4481f7325ed600a88f6a813bad9dea07ab3ef73d8d8d6"},
    {file = "pefile-2023.2.7.tar.gz", hash = "sha256:82e6114004b3d6911c77c3953e3838654b04511b8b66e8583db70c65998017dc"},
]

[[package]]
name = "pyinstaller"
version = "5.12.0"
description = "PyInstaller bundles a Python application and all its dependencies into a single package."
optional = false
python-versions = "<3.12,>=3.7"
files = [
    {file = "pyinstaller-5.12.0-py3-none-macosx_10_13_universal2.whl", hash = "sha256:edcb6eb6618f3b763c11487db1d3516111d54bd5598b9470e295c1f628a95496"},
    {file = "pyinstaller-5.12.0-py3-none-manylinux2014_aarch64.whl", hash = "sha256:303952c2a8ece894b655c2a0783a0bdc844282f47790707446bde3eaf355f0da"},
    {file = "pyinstaller-5.12.0-py3-none-manylinux2014_i686.whl", hash = "sha256:7eed9996c12aeee7530cbc7c57350939f46391ecf714ac176579190dbd3ec7bf"},
    {file = "pyinstaller-5.12.0-py3-none-manylinux2014_ppc64le.whl", hash = "sha256:96ad645347671c9fce190506c09523c02f01a503fe3ea65f79bb0cfe22a8c83e"},
    {file = "pyinstaller-5.12.0-py3-none-manylinux2014_s390x.whl", hash = "sha256:c3ceb6c3a34b9407ba16fb68a32f83d5fd94f21d43d9fe38d8f752feb75ca5bb"},
    {file = "pyinstaller-5.12.0-py3-none-manylinux2014_x86_64.whl", hash = "sha256:92eeacd052092a0a4368f50ddecbeb6e020b5a70cdf113243fbd6bd8ee25524e"},
    {file = "pyinstaller-5.12.0-py3-none-musllinux_1_1_aarch64.whl", hash = "sha256:3605ac72311318455907a88efb4a4b334b844659673a2a371bbaac2d8b52843a"},
    {file = "pyinstaller-5.12.0-py3-none-musllinux_1_1_x86_64.whl", hash = "sha256:d14c1c2b753af5efed96584f075a6740ea634ca55789113d325dc8c32aef50fe"},
    {file = "pyinstaller-5.12.0-py3-none-win32.whl", hash = "sha256:b64d8a3056e6c7e4ed4d1f95e793ef401bf5b166ef00ad544b5812be0ac63b4b"},
    {file = "pyinstaller-5.12.0-py3-none-win_amd64.whl", hash = "sha256:62d75bb70cdbeea1a0d55067d7201efa2f7d7c19e56c241291c03d551b531684"},
    {file = "pyinstaller-5.12.0-py3-none-win_arm64.whl", hash = "sha256:2f70e2d9b032e5f24a336f41affcb4624e66a84cd863ba58f6a92bd6040653bb"},
    {file = "pyinstaller-5.12.0.tar.gz", hash = "sha256:a1c2667120730604c3ad1e0739a45bb72ca4a502a91e2f5c5b220fbfbb05f0d4"},
]

[package.dependencies]
altgraph = "*"
macholib = {version = ">=1.8", markers = "sys_platform == \"darwin\""}
pefile = {version = ">=2022.5.30", markers = "sys_platform == \"win32\""}
pyinstaller-hooks-contrib = ">=2021.4"
pywin32-ctypes = {version = ">=0.2.0", markers = "sys_platform == \"win32\""}
setuptools = ">=42.0.0"

[package.extras]
encryption = ["tinyaes (>=1.0.0)"]
hook-testing = ["execnet (>=1.5.0)", "psutil", "pytest (>=2.7.3)"]

[[package]]
name = "pyinstaller-hooks-contrib"
version = "2023.3"
description = "Community maintained hooks for PyInstaller"
optional = false
python-versions = ">=3.7"
files = [
    {file = "pyinstaller-hooks-contrib-2023.3.tar.gz", hash = "sha256:bb39e1038e3e0972420455e0b39cd9dce73f3d80acaf4bf2b3615fea766ff370"},
    {file = "pyinstaller_hooks_contrib-2023.3-py2.py3-none-any.whl", hash = "sha256:062ad7a1746e1cfc24d3a8c4be4e606fced3b123bda7d419f14fcf7507804b07"},
]

[[package]]
name = "pyqt6"
version = "6.5.1"
description = "Python bindings for the Qt cross platform application toolkit"
optional = false
python-versions = ">=3.6.1"
files = [
    {file = "PyQt6-6.5.1-cp37-abi3-macosx_10_14_universal2.whl", hash = "sha256:ad91dcb34d4a70add6551745df631b36013e1c50349cf9f1883cd08913e8cd7e"},
    {file = "PyQt6-6.5.1-cp37-abi3-manylinux_2_28_x86_64.whl", hash = "sha256:b8d29f671cba9cfecd9cf6246cd43d10f7d32125b2b8958ad671fbdd1862e097"},
    {file = "PyQt6-6.5.1-cp37-abi3-win_amd64.whl", hash = "sha256:d136fbf8cf18cafd4e45a55adfd114a29665dcf91f45bb0e82eec1789eecabbb"},
    {file = "PyQt6-6.5.1.tar.gz", hash = "sha256:e166a0568c27bcc8db00271a5043936226690b6a4a74ce0a5caeb408040a97c3"},
]

[package.dependencies]
PyQt6-Qt6 = ">=6.5.0"
PyQt6-sip = ">=13.4,<14"

[[package]]
name = "pyqt6-qt6"
version = "6.5.1"
description = "The subset of a Qt installation needed by PyQt6."
optional = false
python-versions = "*"
files = [
    {file = "PyQt6_Qt6-6.5.1-py3-none-macosx_10_14_x86_64.whl", hash = "sha256:6aa88aaf4e4e9236364d5b4da8ffdf2854dc579966f135e85e34a54a91ec8096"},
    {file = "PyQt6_Qt6-6.5.1-py3-none-macosx_11_0_arm64.whl", hash = "sha256:dfc06f8da1728fa2ee2a9407d85704e2661415536190ec632dd8f657acc53842"},
    {file = "PyQt6_Qt6-6.5.1-py3-none-manylinux_2_28_x86_64.whl", hash = "sha256:7b04daf0e6ca1e79bf8d3e611392be06abc1687879e3475fcbad0d67672d3370"},
    {file = "PyQt6_Qt6-6.5.1-py3-none-win_amd64.whl", hash = "sha256:fc4de9c51bfa3e8eaef03ecd4e6346f42a3accf69555987d66dd1236f14e8225"},
]

[[package]]
name = "pyqt6-sip"
version = "13.5.1"
description = "The sip module support for PyQt6"
optional = false
python-versions = ">=3.7"
files = [
    {file = "PyQt6_sip-13.5.1-cp310-cp310-macosx_10_9_universal2.whl", hash = "sha256:2a15f080a994936ed182f4a81343baa19bac9063ec6efc0a93d026f5cfc95ace"},
    {file = "PyQt6_sip-13.5.1-cp310-cp310-manylinux_2_5_x86_64.manylinux1_x86_64.whl", hash = "sha256:d90dfec64c35c91644a3e32d3e5680cdee549d00245ea7252cb6298797f9bcef"},
    {file = "PyQt6_sip-13.5.1-cp310-cp310-win_amd64.whl", hash = "sha256:1e7bb3e45e57dfdb9437043d99b7cb797707e7f2475d122928b13688458f94b7"},
    {file = "PyQt6_sip-13.5.1-cp311-cp311-macosx_10_9_universal2.whl", hash = "sha256:18c0e75e6ebd91dc96dbc6290f044ec37e764890ef2182c82b99ea5b655ea466"},
    {file = "PyQt6_sip-13.5.1-cp311-cp311-manylinux_2_5_x86_64.manylinux1_x86_64.whl", hash = "sha256:c3e2f155f92f96d73c680caf3d87f4f9f9aaf6487c125ecbe7140daad7d87245"},
    {file = "PyQt6_sip-13.5.1-cp311-cp311-win_amd64.whl", hash = "sha256:08b69898aab0fcc73661b212d434f9e9eb50319481bc2ac3aaf1ac06bc9feca6"},
    {file = "PyQt6_sip-13.5.1-cp37-cp37m-macosx_10_9_x86_64.whl", hash = "sha256:d79957dd0c0ea1a17f0846806ea203dce827df6a9dcd93ebfe98fdd6186d9ecc"},
    {file = "PyQt6_sip-13.5.1-cp37-cp37m-manylinux_2_5_x86_64.manylinux1_x86_64.whl", hash = "sha256:a867601c38acc9b0c7f9aab4f96d9ec8cbedfcd5ae245f82a9c1c48f352413e4"},
    {file = "PyQt6_sip-13.5.1-cp37-cp37m-win_amd64.whl", hash = "sha256:52931307cf06c5ac992df2877e899f8b8ba72464e2828fe442b18fd51c7bf787"},
    {file = "PyQt6_sip-13.5.1-cp38-cp38-macosx_10_9_x86_64.whl", hash = "sha256:c71d303ff654ad947d8c0cb5ebfde9a59390aac52eb695a775234a08bee8f44e"},
    {file = "PyQt6_sip-13.5.1-cp38-cp38-manylinux_2_5_x86_64.manylinux1_x86_64.whl", hash = "sha256:e0d715bb5b86eb8f09d84b2b4400df7e4c96ef730801bc145a1c23be79f39fac"},
    {file = "PyQt6_sip-13.5.1-cp38-cp38-win_amd64.whl", hash = "sha256:4b2e70d21069fe6e20bf22de1de2985e064e00d1368e0a171ce38824be4339ab"},
    {file = "PyQt6_sip-13.5.1-cp39-cp39-macosx_10_9_universal2.whl", hash = "sha256:f7b4e3cad598afd9b50a32732007184141b400769d425cae86f4e702cbc882b3"},
    {file = "PyQt6_sip-13.5.1-cp39-cp39-manylinux_2_5_x86_64.manylinux1_x86_64.whl", hash = "sha256:ad802005e68bb9bb6f869b7f904c73d7c7793d11b83d317c33ff6b0c163d785f"},
    {file = "PyQt6_sip-13.5.1-cp39-cp39-win_amd64.whl", hash = "sha256:5e8fdb0821c0c556d2a34db1229d4bd711499a1102241b1b9fcf1ee34f87e564"},
    {file = "PyQt6_sip-13.5.1.tar.gz", hash = "sha256:d1e9141752966669576d04b37ba0b122abbc41cc9c35493751028d7d91c4dd49"},
]

[[package]]
name = "pywin32-ctypes"
version = "0.2.0"
description = ""
optional = false
python-versions = "*"
files = [
    {file = "pywin32-ctypes-0.2.0.tar.gz", hash = "sha256:24ffc3b341d457d48e8922352130cf2644024a4ff09762a2261fd34c36ee5942"},
    {file = "pywin32_ctypes-0.2.0-py2.py3-none-any.whl", hash = "sha256:9dc2d991b3479cc2df15930958b674a48a227d5361d413827a4cfd0b5876fc98"},
]

[[package]]
name = "setuptools"
version = "67.8.0"
description = "Easily download, build, install, upgrade, and uninstall Python packages"
optional = false
python-versions = ">=3.7"
files = [
    {file = "setuptools-67.8.0-py3-none-any.whl", hash = "sha256:5df61bf30bb10c6f756eb19e7c9f3b473051f48db77fddbe06ff2ca307df9a6f"},
    {file = "setuptools-67.8.0.tar.gz", hash = "sha256:62642358adc77ffa87233bc4d2354c4b2682d214048f500964dbe760ccedf102"},
]

[package.extras]
docs = ["furo", "jaraco.packaging (>=9)", "jaraco.tidelift (>=1.4)", "pygments-github-lexers (==0.0.5)", "rst.linker (>=1.9)", "sphinx (>=3.5)", "sphinx-favicon", "sphinx-hoverxref (<2)", "sphinx-inline-tabs", "sphinx-lint", "sphinx-notfound-page (==0.8.3)", "sphinx-reredirects", "sphinxcontrib-towncrier"]
testing = ["build[virtualenv]", "filelock (>=3.4.0)", "flake8-2020", "ini2toml[lite] (>=0.9)", "jaraco.envs (>=2.2)", "jaraco.path (>=3.2.0)", "pip (>=19.1)", "pip-run (>=8.8)", "pytest (>=6)", "pytest-black (>=0.3.7)", "pytest-checkdocs (>=2.4)", "pytest-cov", "pytest-enabler (>=1.3)", "pytest-mypy (>=0.9.1)", "pytest-perf", "pytest-ruff", "pytest-timeout", "pytest-xdist", "tomli-w (>=1.0.0)", "virtualenv (>=13.0.0)", "wheel"]
testing-integration = ["build[virtualenv]", "filelock (>=3.4.0)", "jaraco.envs (>=2.2)", "jaraco.path (>=3.2.0)", "pytest", "pytest-enabler", "pytest-xdist", "tomli", "virtualenv (>=13.0.0)", "wheel"]

[metadata]
lock-version = "2.0"
python-versions = "3.9.6"
content-hash = "67ed1dfde10ee86f334960c1d13ebc710f934373e4e6710bd4b20ce144e36208"
